
Microsoft Visual Studio Solution File, Format Version 12.00
# Visual Studio 2012
Project("{F184B08F-C81C-45F6-A57F-5ABD9991F28F}") = "PS03446_Quản Lý Sách Thư Viện", "PS03446_Quản Lý Sách Thư Viện\PS03446_Quản Lý Sách Thư Viện.vbproj", "{DA950959-DB8C-4133-AA9C-5A38D24F4599}"
EndProject
Global
	GlobalSection(SolutionConfigurationPlatforms) = preSolution
		Debug|Any CPU = Debug|Any CPU
		Release|Any CPU = Release|Any CPU
	EndGlobalSection
	GlobalSection(ProjectConfigurationPlatforms) = postSolution
		{DA950959-DB8C-4133-AA9C-5A38D24F4599}.Debug|Any CPU.ActiveCfg = Debug|Any CPU
		{DA950959-DB8C-4133-AA9C-5A38D24F4599}.Debug|Any CPU.Build.0 = Debug|Any CPU
		{DA950959-DB8C-4133-AA9C-5A38D24F4599}.Release|Any CPU.ActiveCfg = Release|Any CPU
		{DA950959-DB8C-4133-AA9C-5A38D24F4599}.Release|Any CPU.Build.0 = Release|Any CPU
	EndGlobalSection
	GlobalSection(SolutionProperties) = preSolution
		HideSolutionNode = FALSE
	EndGlobalSection
EndGlobal
